
Microsoft Visual Studio Solution File, Format Version 12.00
Project("{FAE04EC0-301F-11D3-BF4B-00C04F79EFBC}") = "EventSourcedTodoApp", "EventSourcedTodoApp\EventSourcedTodoApp.csproj", "{3CE15391-6347-4C3F-99D0-9E2F9DD01BCD}"
EndProject
Global
	GlobalSection(SolutionConfigurationPlatforms) = preSolution
		Debug|Any CPU = Debug|Any CPU
		Release|Any CPU = Release|Any CPU
	EndGlobalSection
	GlobalSection(ProjectConfigurationPlatforms) = postSolution
		{3CE15391-6347-4C3F-99D0-9E2F9DD01BCD}.Debug|Any CPU.ActiveCfg = Debug|Any CPU
		{3CE15391-6347-4C3F-99D0-9E2F9DD01BCD}.Debug|Any CPU.Build.0 = Debug|Any CPU
		{3CE15391-6347-4C3F-99D0-9E2F9DD01BCD}.Release|Any CPU.ActiveCfg = Release|Any CPU
		{3CE15391-6347-4C3F-99D0-9E2F9DD01BCD}.Release|Any CPU.Build.0 = Release|Any CPU
	EndGlobalSection
EndGlobal
